
Microsoft Visual Studio Solution File, Format Version 12.00
# Visual Studio Version 16
VisualStudioVersion = 16.0.30907.101
MinimumVisualStudioVersion = 10.0.40219.1
Project("{FAE04EC0-301F-11D3-BF4B-00C04F79EFBC}") = "PlanetClasses", "PlanetClasses.csproj", "{FA0FB0BF-8DB9-4A6F-B3D0-5DE02B0954FC}"
EndProject
Global
	GlobalSection(SolutionConfigurationPlatforms) = preSolution
		Debug|Any CPU = Debug|Any CPU
		Release|Any CPU = Release|Any CPU
	EndGlobalSection
	GlobalSection(ProjectConfigurationPlatforms) = postSolution
		{FA0FB0BF-8DB9-4A6F-B3D0-5DE02B0954FC}.Debug|Any CPU.ActiveCfg = Debug|Any CPU
		{FA0FB0BF-8DB9-4A6F-B3D0-5DE02B0954FC}.Debug|Any CPU.Build.0 = Debug|Any CPU
		{FA0FB0BF-8DB9-4A6F-B3D0-5DE02B0954FC}.Release|Any CPU.ActiveCfg = Release|Any CPU
		{FA0FB0BF-8DB9-4A6F-B3D0-5DE02B0954FC}.Release|Any CPU.Build.0 = Release|Any CPU
	EndGlobalSection
	GlobalSection(SolutionProperties) = preSolution
		HideSolutionNode = FALSE
	EndGlobalSection
	GlobalSection(ExtensibilityGlobals) = postSolution
		SolutionGuid = {14532B54-49E6-48F1-A248-B3D71484C747}
	EndGlobalSection
EndGlobal
